
Microsoft Visual Studio Solution File, Format Version 12.00
# Visual Studio Version 17
VisualStudioVersion = 17.11.35327.3
MinimumVisualStudioVersion = 10.0.40219.1
Project("{9A19103F-16F7-4668-BE54-9A1E7A4F7556}") = "BookShop", "BookShop\BookShop.csproj", "{9F506AF9-B7EE-457A-B75E-1BC100E8B3D5}"
EndProject
Project("{9A19103F-16F7-4668-BE54-9A1E7A4F7556}") = "BookShop.DataAccess", "BookShop.DataAccess\BookShop.DataAccess.csproj", "{1EC97F7B-C30A-4EF3-9C8D-0ECCEDBAE70D}"
EndProject
Project("{9A19103F-16F7-4668-BE54-9A1E7A4F7556}") = "BookShop.Models", "Bookshop.Models\BookShop.Models.csproj", "{75DC4C93-C219-4820-82E0-E76788A8C456}"
EndProject
Project("{9A19103F-16F7-4668-BE54-9A1E7A4F7556}") = "BookShop.Utility", "BookShop.Utility\BookShop.Utility.csproj", "{EB1C91E0-8297-4CFD-8524-654D89D4DCDD}"
EndProject
Global
	GlobalSection(SolutionConfigurationPlatforms) = preSolution
		Debug|Any CPU = Debug|Any CPU
		Release|Any CPU = Release|Any CPU
	EndGlobalSection
	GlobalSection(ProjectConfigurationPlatforms) = postSolution
		{9F506AF9-B7EE-457A-B75E-1BC100E8B3D5}.Debug|Any CPU.ActiveCfg = Debug|Any CPU
		{9F506AF9-B7EE-457A-B75E-1BC100E8B3D5}.Debug|Any CPU.Build.0 = Debug|Any CPU
		{9F506AF9-B7EE-457A-B75E-1BC100E8B3D5}.Release|Any CPU.ActiveCfg = Release|Any CPU
		{9F506AF9-B7EE-457A-B75E-1BC100E8B3D5}.Release|Any CPU.Build.0 = Release|Any CPU
		{1EC97F7B-C30A-4EF3-9C8D-0ECCEDBAE70D}.Debug|Any CPU.ActiveCfg = Debug|Any CPU
		{1EC97F7B-C30A-4EF3-9C8D-0ECCEDBAE70D}.Debug|Any CPU.Build.0 = Debug|Any CPU
		{1EC97F7B-C30A-4EF3-9C8D-0ECCEDBAE70D}.Release|Any CPU.ActiveCfg = Release|Any CPU
		{1EC97F7B-C30A-4EF3-9C8D-0ECCEDBAE70D}.Release|Any CPU.Build.0 = Release|Any CPU
		{75DC4C93-C219-4820-82E0-E76788A8C456}.Debug|Any CPU.ActiveCfg = Debug|Any CPU
		{75DC4C93-C219-4820-82E0-E76788A8C456}.Debug|Any CPU.Build.0 = Debug|Any CPU
		{75DC4C93-C219-4820-82E0-E76788A8C456}.Release|Any CPU.ActiveCfg = Release|Any CPU
		{75DC4C93-C219-4820-82E0-E76788A8C456}.Release|Any CPU.Build.0 = Release|Any CPU
		{EB1C91E0-8297-4CFD-8524-654D89D4DCDD}.Debug|Any CPU.ActiveCfg = Debug|Any CPU
		{EB1C91E0-8297-4CFD-8524-654D89D4DCDD}.Debug|Any CPU.Build.0 = Debug|Any CPU
		{EB1C91E0-8297-4CFD-8524-654D89D4DCDD}.Release|Any CPU.ActiveCfg = Release|Any CPU
		{EB1C91E0-8297-4CFD-8524-654D89D4DCDD}.Release|Any CPU.Build.0 = Release|Any CPU
	EndGlobalSection
	GlobalSection(SolutionProperties) = preSolution
		HideSolutionNode = FALSE
	EndGlobalSection
	GlobalSection(ExtensibilityGlobals) = postSolution
		SolutionGuid = {86F610F9-E4D4-4A67-90B9-2B0D0306677C}
	EndGlobalSection
EndGlobal
